// !$*UTF8*$!
{
	archiveVersion = 1;
	classes = {
	};
	objectVersion = 50;
	objects = {

/* Begin PBXBuildFile section */
		990DABE6267C5A0500E26FCA /* LSOutlineView.swift in Sources */ = {isa = PBXBuildFile; fileRef = 990DABE5267C5A0500E26FCA /* LSOutlineView.swift */; };
		990DABE8267C866100E26FCA /* LSLazyStackView.swift in Sources */ = {isa = PBXBuildFile; fileRef = 990DABE7267C866100E26FCA /* LSLazyStackView.swift */; };
		990DABEB267C8F1500E26FCA /* LSPaintsView.swift in Sources */ = {isa = PBXBuildFile; fileRef = 990DABEA267C8F1500E26FCA /* LSPaintsView.swift */; };
		990DABF0267CA17500E26FCA /* LSGeometryView.swift in Sources */ = {isa = PBXBuildFile; fileRef = 990DABEF267CA17500E26FCA /* LSGeometryView.swift */; };
		990DABF2267CA76400E26FCA /* LSPlayVideoView.swift in Sources */ = {isa = PBXBuildFile; fileRef = 990DABF1267CA76400E26FCA /* LSPlayVideoView.swift */; };
		990FBD9C2679F50B00E7778D /* LSSecureFieldView.swift in Sources */ = {isa = PBXBuildFile; fileRef = 990FBD9B2679F50B00E7778D /* LSSecureFieldView.swift */; };
		990FBD9F2679FE9F00E7778D /* LSGeometryReaderView.swift in Sources */ = {isa = PBXBuildFile; fileRef = 990FBD9E2679FE9F00E7778D /* LSGeometryReaderView.swift */; };
		9914E539267C55A400426E5A /* LSFormView.swift in Sources */ = {isa = PBXBuildFile; fileRef = 9914E538267C55A400426E5A /* LSFormView.swift */; };
		992DA228267AFCFC00E71166 /* LSSliderView.swift in Sources */ = {isa = PBXBuildFile; fileRef = 992DA227267AFCFC00E71166 /* LSSliderView.swift */; };
		992DA22B267B259600E71166 /* LSGridView.swift in Sources */ = {isa = PBXBuildFile; fileRef = 992DA22A267B259600E71166 /* LSGridView.swift */; };
		992DA22E267B35AA00E71166 /* LSGridView2.swift in Sources */ = {isa = PBXBuildFile; fileRef = 992DA22D267B35AA00E71166 /* LSGridView2.swift */; };
		9932A6762670950B0018E766 /* LSDatePickerView.swift in Sources */ = {isa = PBXBuildFile; fileRef = 9932A6752670950B0018E766 /* LSDatePickerView.swift */; };
		9932A6792670A5890018E766 /* LSProgressView.swift in Sources */ = {isa = PBXBuildFile; fileRef = 9932A6782670A5890018E766 /* LSProgressView.swift */; };
		9932A67B2670B3BD0018E766 /* LSColorPickerView.swift in Sources */ = {isa = PBXBuildFile; fileRef = 9932A67A2670B3BD0018E766 /* LSColorPickerView.swift */; };
		9936AA5D266F2B3A0080A22B /* LSImageView.swift in Sources */ = {isa = PBXBuildFile; fileRef = 9936AA54266F2B3A0080A22B /* LSImageView.swift */; };
		9936AA5E266F2B3A0080A22B /* LSToggleView.swift in Sources */ = {isa = PBXBuildFile; fileRef = 9936AA56266F2B3A0080A22B /* LSToggleView.swift */; };
		9936AA5F266F2B3A0080A22B /* LSButtonView.swift in Sources */ = {isa = PBXBuildFile; fileRef = 9936AA58266F2B3A0080A22B /* LSButtonView.swift */; };
		9936AA60266F2B3A0080A22B /* LSTextView.swift in Sources */ = {isa = PBXBuildFile; fileRef = 9936AA5A266F2B3A0080A22B /* LSTextView.swift */; };
		9936AA61266F2B3A0080A22B /* LSStackView.swift in Sources */ = {isa = PBXBuildFile; fileRef = 9936AA5C266F2B3A0080A22B /* LSStackView.swift */; };
		9936AA63266F2B4D0080A22B /* LSPickerView.swift in Sources */ = {isa = PBXBuildFile; fileRef = 9936AA62266F2B4D0080A22B /* LSPickerView.swift */; };
		9955C063267882E10087FB7D /* LSTextEditorView.swift in Sources */ = {isa = PBXBuildFile; fileRef = 9955C062267882E10087FB7D /* LSTextEditorView.swift */; };
		99616609267351F100E357D8 /* LSSignInWithAppleView.swift in Sources */ = {isa = PBXBuildFile; fileRef = 99616608267351F100E357D8 /* LSSignInWithAppleView.swift */; };
		9961660E2673575800E357D8 /* LSTextFieldView.swift in Sources */ = {isa = PBXBuildFile; fileRef = 9961660D2673575800E357D8 /* LSTextFieldView.swift */; };
		99887F03267070ED005D6CEF /* LSScrollView.swift in Sources */ = {isa = PBXBuildFile; fileRef = 99887F02267070ED005D6CEF /* LSScrollView.swift */; };
		99887F05267070FC005D6CEF /* LSListView.swift in Sources */ = {isa = PBXBuildFile; fileRef = 99887F04267070FC005D6CEF /* LSListView.swift */; };
		998EB4AA2671EBBD00AA4A2B /* LSGroupView.swift in Sources */ = {isa = PBXBuildFile; fileRef = 998EB4A92671EBBD00AA4A2B /* LSGroupView.swift */; };
		998EB4AD267201A800AA4A2B /* LSTabView.swift in Sources */ = {isa = PBXBuildFile; fileRef = 998EB4AC267201A800AA4A2B /* LSTabView.swift */; };
		998EB4B02672131900AA4A2B /* LSWebView.swift in Sources */ = {isa = PBXBuildFile; fileRef = 998EB4AF2672131900AA4A2B /* LSWebView.swift */; };
		99D7DF31266F036000BC3256 /* LearnSwiftUIApp.swift in Sources */ = {isa = PBXBuildFile; fileRef = 99D7DF30266F036000BC3256 /* LearnSwiftUIApp.swift */; };
		99D7DF33266F036000BC3256 /* ContentView.swift in Sources */ = {isa = PBXBuildFile; fileRef = 99D7DF32266F036000BC3256 /* ContentView.swift */; };
		99D7DF35266F036100BC3256 /* Assets.xcassets in Resources */ = {isa = PBXBuildFile; fileRef = 99D7DF34266F036100BC3256 /* Assets.xcassets */; };
		99D7DF38266F036100BC3256 /* Preview Assets.xcassets in Resources */ = {isa = PBXBuildFile; fileRef = 99D7DF37266F036100BC3256 /* Preview Assets.xcassets */; };
/* End PBXBuildFile section */

/* Begin PBXFileReference section */
		990DABE5267C5A0500E26FCA /* LSOutlineView.swift */ = {isa = PBXFileReference; lastKnownFileType = sourcecode.swift; path = LSOutlineView.swift; sourceTree = "<group>"; };
		990DABE7267C866100E26FCA /* LSLazyStackView.swift */ = {isa = PBXFileReference; lastKnownFileType = sourcecode.swift; path = LSLazyStackView.swift; sourceTree = "<group>"; };
		990DABEA267C8F1500E26FCA /* LSPaintsView.swift */ = {isa = PBXFileReference; lastKnownFileType = sourcecode.swift; path = LSPaintsView.swift; sourceTree = "<group>"; };
		990DABEF267CA17500E26FCA /* LSGeometryView.swift */ = {isa = PBXFileReference; lastKnownFileType = sourcecode.swift; path = LSGeometryView.swift; sourceTree = "<group>"; };
		990DABF1267CA76400E26FCA /* LSPlayVideoView.swift */ = {isa = PBXFileReference; lastKnownFileType = sourcecode.swift; path = LSPlayVideoView.swift; sourceTree = "<group>"; };
		990FBD9B2679F50B00E7778D /* LSSecureFieldView.swift */ = {isa = PBXFileReference; lastKnownFileType = sourcecode.swift; path = LSSecureFieldView.swift; sourceTree = "<group>"; };
		990FBD9E2679FE9F00E7778D /* LSGeometryReaderView.swift */ = {isa = PBXFileReference; lastKnownFileType = sourcecode.swift; path = LSGeometryReaderView.swift; sourceTree = "<group>"; };
		9914E538267C55A400426E5A /* LSFormView.swift */ = {isa = PBXFileReference; lastKnownFileType = sourcecode.swift; path = LSFormView.swift; sourceTree = "<group>"; };
		992DA227267AFCFC00E71166 /* LSSliderView.swift */ = {isa = PBXFileReference; lastKnownFileType = sourcecode.swift; path = LSSliderView.swift; sourceTree = "<group>"; };
		992DA22A267B259600E71166 /* LSGridView.swift */ = {isa = PBXFileReference; lastKnownFileType = sourcecode.swift; path = LSGridView.swift; sourceTree = "<group>"; };
		992DA22D267B35AA00E71166 /* LSGridView2.swift */ = {isa = PBXFileReference; lastKnownFileType = sourcecode.swift; path = LSGridView2.swift; sourceTree = "<group>"; };
		9932A6752670950B0018E766 /* LSDatePickerView.swift */ = {isa = PBXFileReference; lastKnownFileType = sourcecode.swift; path = LSDatePickerView.swift; sourceTree = "<group>"; };
		9932A6782670A5890018E766 /* LSProgressView.swift */ = {isa = PBXFileReference; lastKnownFileType = sourcecode.swift; path = LSProgressView.swift; sourceTree = "<group>"; };
		9932A67A2670B3BD0018E766 /* LSColorPickerView.swift */ = {isa = PBXFileReference; lastKnownFileType = sourcecode.swift; path = LSColorPickerView.swift; sourceTree = "<group>"; };
		9936AA54266F2B3A0080A22B /* LSImageView.swift */ = {isa = PBXFileReference; fileEncoding = 4; lastKnownFileType = sourcecode.swift; path = LSImageView.swift; sourceTree = "<group>"; };
		9936AA56266F2B3A0080A22B /* LSToggleView.swift */ = {isa = PBXFileReference; fileEncoding = 4; lastKnownFileType = sourcecode.swift; path = LSToggleView.swift; sourceTree = "<group>"; };
		9936AA58266F2B3A0080A22B /* LSButtonView.swift */ = {isa = PBXFileReference; fileEncoding = 4; lastKnownFileType = sourcecode.swift; path = LSButtonView.swift; sourceTree = "<group>"; };
		9936AA5A266F2B3A0080A22B /* LSTextView.swift */ = {isa = PBXFileReference; fileEncoding = 4; lastKnownFileType = sourcecode.swift; path = LSTextView.swift; sourceTree = "<group>"; };
		9936AA5C266F2B3A0080A22B /* LSStackView.swift */ = {isa = PBXFileReference; fileEncoding = 4; lastKnownFileType = sourcecode.swift; path = LSStackView.swift; sourceTree = "<group>"; };
		9936AA62266F2B4D0080A22B /* LSPickerView.swift */ = {isa = PBXFileReference; lastKnownFileType = sourcecode.swift; path = LSPickerView.swift; sourceTree = "<group>"; };
		9955C062267882E10087FB7D /* LSTextEditorView.swift */ = {isa = PBXFileReference; lastKnownFileType = sourcecode.swift; path = LSTextEditorView.swift; sourceTree = "<group>"; };
		99616606267351AC00E357D8 /* LearnSwiftUI.entitlements */ = {isa = PBXFileReference; lastKnownFileType = text.plist.entitlements; path = LearnSwiftUI.entitlements; sourceTree = "<group>"; };
		99616608267351F100E357D8 /* LSSignInWithAppleView.swift */ = {isa = PBXFileReference; lastKnownFileType = sourcecode.swift; path = LSSignInWithAppleView.swift; sourceTree = "<group>"; };
		9961660D2673575800E357D8 /* LSTextFieldView.swift */ = {isa = PBXFileReference; lastKnownFileType = sourcecode.swift; path = LSTextFieldView.swift; sourceTree = "<group>"; };
		99887F02267070ED005D6CEF /* LSScrollView.swift */ = {isa = PBXFileReference; lastKnownFileType = sourcecode.swift; path = LSScrollView.swift; sourceTree = "<group>"; };
		99887F04267070FC005D6CEF /* LSListView.swift */ = {isa = PBXFileReference; lastKnownFileType = sourcecode.swift; path = LSListView.swift; sourceTree = "<group>"; };
		998EB4A92671EBBD00AA4A2B /* LSGroupView.swift */ = {isa = PBXFileReference; lastKnownFileType = sourcecode.swift; path = LSGroupView.swift; sourceTree = "<group>"; };
		998EB4AC267201A800AA4A2B /* LSTabView.swift */ = {isa = PBXFileReference; lastKnownFileType = sourcecode.swift; path = LSTabView.swift; sourceTree = "<group>"; };
		998EB4AF2672131900AA4A2B /* LSWebView.swift */ = {isa = PBXFileReference; lastKnownFileType = sourcecode.swift; path = LSWebView.swift; sourceTree = "<group>"; };
		99D7DF2D266F036000BC3256 /* LearnSwiftUI.app */ = {isa = PBXFileReference; explicitFileType = wrapper.application; includeInIndex = 0; path = LearnSwiftUI.app; sourceTree = BUILT_PRODUCTS_DIR; };
		99D7DF30266F036000BC3256 /* LearnSwiftUIApp.swift */ = {isa = PBXFileReference; lastKnownFileType = sourcecode.swift; path = LearnSwiftUIApp.swift; sourceTree = "<group>"; };
		99D7DF32266F036000BC3256 /* ContentView.swift */ = {isa = PBXFileReference; lastKnownFileType = sourcecode.swift; path = ContentView.swift; sourceTree = "<group>"; };
		99D7DF34266F036100BC3256 /* Assets.xcassets */ = {isa = PBXFileReference; lastKnownFileType = folder.assetcatalog; path = Assets.xcassets; sourceTree = "<group>"; };
		99D7DF37266F036100BC3256 /* Preview Assets.xcassets */ = {isa = PBXFileReference; lastKnownFileType = folder.assetcatalog; path = "Preview Assets.xcassets"; sourceTree = "<group>"; };
		99D7DF39266F036100BC3256 /* Info.plist */ = {isa = PBXFileReference; lastKnownFileType = text.plist.xml; path = Info.plist; sourceTree = "<group>"; };
/* End PBXFileReference section */

/* Begin PBXFrameworksBuildPhase section */
		99D7DF2A266F036000BC3256 /* Frameworks */ = {
			isa = PBXFrameworksBuildPhase;
			buildActionMask = 2147483647;
			files = (
			);
			runOnlyForDeploymentPostprocessing = 0;
		};
/* End PBXFrameworksBuildPhase section */

/* Begin PBXGroup section */
		990DABE4267C59F900E26FCA /* Outline */ = {
			isa = PBXGroup;
			children = (
				990DABE5267C5A0500E26FCA /* LSOutlineView.swift */,
			);
			path = Outline;
			sourceTree = "<group>";
		};
		990DABE9267C8F0800E26FCA /* Paints */ = {
			isa = PBXGroup;
			children = (
				990DABEA267C8F1500E26FCA /* LSPaintsView.swift */,
			);
			path = Paints;
			sourceTree = "<group>";
		};
		990DABEE267CA16800E26FCA /* Geometry */ = {
			isa = PBXGroup;
			children = (
				990DABEF267CA17500E26FCA /* LSGeometryView.swift */,
			);
			path = Geometry;
			sourceTree = "<group>";
		};
		990FBD9D2679FE9400E7778D /* GeometryReader */ = {
			isa = PBXGroup;
			children = (
				990FBD9E2679FE9F00E7778D /* LSGeometryReaderView.swift */,
			);
			path = GeometryReader;
			sourceTree = "<group>";
		};
		9914E537267C559A00426E5A /* Form */ = {
			isa = PBXGroup;
			children = (
				9914E538267C55A400426E5A /* LSFormView.swift */,
			);
			path = Form;
			sourceTree = "<group>";
		};
		992DA226267AFCF300E71166 /* Slider */ = {
			isa = PBXGroup;
			children = (
				992DA227267AFCFC00E71166 /* LSSliderView.swift */,
			);
			path = Slider;
			sourceTree = "<group>";
		};
		992DA229267B258A00E71166 /* Grid */ = {
			isa = PBXGroup;
			children = (
				992DA22A267B259600E71166 /* LSGridView.swift */,
				992DA22D267B35AA00E71166 /* LSGridView2.swift */,
			);
			path = Grid;
			sourceTree = "<group>";
		};
		9932A6772670A57B0018E766 /* ProgressView */ = {
			isa = PBXGroup;
			children = (
				9932A6782670A5890018E766 /* LSProgressView.swift */,
			);
			path = ProgressView;
			sourceTree = "<group>";
		};
		9936AA51266F2B3A0080A22B /* Demo */ = {
			isa = PBXGroup;
			children = (
				990DABEE267CA16800E26FCA /* Geometry */,
				990DABE9267C8F0800E26FCA /* Paints */,
				990DABE4267C59F900E26FCA /* Outline */,
				9914E537267C559A00426E5A /* Form */,
				992DA229267B258A00E71166 /* Grid */,
				992DA226267AFCF300E71166 /* Slider */,
				990FBD9D2679FE9400E7778D /* GeometryReader */,
				9961660C2673574000E357D8 /* SecureField */,
				9961660B2673574000E357D8 /* TextEditor */,
				9961660A2673574000E357D8 /* TextField */,
				99616607267351DE00E357D8 /* SignInWithApple */,
				998EB4AE2672130800AA4A2B /* UIKit */,
				998EB4AB2672019C00AA4A2B /* TabView */,
				998EB4A82671EBB200AA4A2B /* Group */,
				9932A6772670A57B0018E766 /* ProgressView */,
				99887F01267070DE005D6CEF /* ScrollView */,
				99887F00267070CE005D6CEF /* List */,
				9936AA52266F2B3A0080A22B /* Picker */,
				9936AA53266F2B3A0080A22B /* Image */,
				9936AA55266F2B3A0080A22B /* Toggle */,
				9936AA57266F2B3A0080A22B /* Button */,
				9936AA59266F2B3A0080A22B /* Text */,
				9936AA5B266F2B3A0080A22B /* Stack */,
			);
			path = Demo;
			sourceTree = "<group>";
		};
		9936AA52266F2B3A0080A22B /* Picker */ = {
			isa = PBXGroup;
			children = (
				9936AA62266F2B4D0080A22B /* LSPickerView.swift */,
				9932A6752670950B0018E766 /* LSDatePickerView.swift */,
				9932A67A2670B3BD0018E766 /* LSColorPickerView.swift */,
			);
			path = Picker;
			sourceTree = "<group>";
		};
		9936AA53266F2B3A0080A22B /* Image */ = {
			isa = PBXGroup;
			children = (
				9936AA54266F2B3A0080A22B /* LSImageView.swift */,
			);
			path = Image;
			sourceTree = "<group>";
		};
		9936AA55266F2B3A0080A22B /* Toggle */ = {
			isa = PBXGroup;
			children = (
				9936AA56266F2B3A0080A22B /* LSToggleView.swift */,
			);
			path = Toggle;
			sourceTree = "<group>";
		};
		9936AA57266F2B3A0080A22B /* Button */ = {
			isa = PBXGroup;
			children = (
				9936AA58266F2B3A0080A22B /* LSButtonView.swift */,
			);
			path = Button;
			sourceTree = "<group>";
		};
		9936AA59266F2B3A0080A22B /* Text */ = {
			isa = PBXGroup;
			children = (
				9936AA5A266F2B3A0080A22B /* LSTextView.swift */,
			);
			path = Text;
			sourceTree = "<group>";
		};
		9936AA5B266F2B3A0080A22B /* Stack */ = {
			isa = PBXGroup;
			children = (
				9936AA5C266F2B3A0080A22B /* LSStackView.swift */,
				990DABE7267C866100E26FCA /* LSLazyStackView.swift */,
			);
			path = Stack;
			sourceTree = "<group>";
		};
		99616607267351DE00E357D8 /* SignInWithApple */ = {
			isa = PBXGroup;
			children = (
				99616608267351F100E357D8 /* LSSignInWithAppleView.swift */,
			);
			path = SignInWithApple;
			sourceTree = "<group>";
		};
		9961660A2673574000E357D8 /* TextField */ = {
			isa = PBXGroup;
			children = (
				9961660D2673575800E357D8 /* LSTextFieldView.swift */,
			);
			path = TextField;
			sourceTree = "<group>";
		};
		9961660B2673574000E357D8 /* TextEditor */ = {
			isa = PBXGroup;
			children = (
				9955C062267882E10087FB7D /* LSTextEditorView.swift */,
			);
			path = TextEditor;
			sourceTree = "<group>";
		};
		9961660C2673574000E357D8 /* SecureField */ = {
			isa = PBXGroup;
			children = (
				990FBD9B2679F50B00E7778D /* LSSecureFieldView.swift */,
			);
			path = SecureField;
			sourceTree = "<group>";
		};
		99887F00267070CE005D6CEF /* List */ = {
			isa = PBXGroup;
			children = (
				99887F04267070FC005D6CEF /* LSListView.swift */,
			);
			path = List;
			sourceTree = "<group>";
		};
		99887F01267070DE005D6CEF /* ScrollView */ = {
			isa = PBXGroup;
			children = (
				99887F02267070ED005D6CEF /* LSScrollView.swift */,
			);
			path = ScrollView;
			sourceTree = "<group>";
		};
		998EB4A82671EBB200AA4A2B /* Group */ = {
			isa = PBXGroup;
			children = (
				998EB4A92671EBBD00AA4A2B /* LSGroupView.swift */,
			);
			path = Group;
			sourceTree = "<group>";
		};
		998EB4AB2672019C00AA4A2B /* TabView */ = {
			isa = PBXGroup;
			children = (
				998EB4AC267201A800AA4A2B /* LSTabView.swift */,
			);
			path = TabView;
			sourceTree = "<group>";
		};
		998EB4AE2672130800AA4A2B /* UIKit */ = {
			isa = PBXGroup;
			children = (
				998EB4AF2672131900AA4A2B /* LSWebView.swift */,
				990DABF1267CA76400E26FCA /* LSPlayVideoView.swift */,
			);
			path = UIKit;
			sourceTree = "<group>";
		};
		99D7DF24266F036000BC3256 = {
			isa = PBXGroup;
			children = (
				99D7DF2F266F036000BC3256 /* LearnSwiftUI */,
				99D7DF2E266F036000BC3256 /* Products */,
			);
			sourceTree = "<group>";
		};
		99D7DF2E266F036000BC3256 /* Products */ = {
			isa = PBXGroup;
			children = (
				99D7DF2D266F036000BC3256 /* LearnSwiftUI.app */,
			);
			name = Products;
			sourceTree = "<group>";
		};
		99D7DF2F266F036000BC3256 /* LearnSwiftUI */ = {
			isa = PBXGroup;
			children = (
				99616606267351AC00E357D8 /* LearnSwiftUI.entitlements */,
				9936AA51266F2B3A0080A22B /* Demo */,
				99D7DF30266F036000BC3256 /* LearnSwiftUIApp.swift */,
				99D7DF32266F036000BC3256 /* ContentView.swift */,
				99D7DF34266F036100BC3256 /* Assets.xcassets */,
				99D7DF39266F036100BC3256 /* Info.plist */,
				99D7DF36266F036100BC3256 /* Preview Content */,
			);
			path = LearnSwiftUI;
			sourceTree = "<group>";
		};
		99D7DF36266F036100BC3256 /* Preview Content */ = {
			isa = PBXGroup;
			children = (
				99D7DF37266F036100BC3256 /* Preview Assets.xcassets */,
			);
			path = "Preview Content";
			sourceTree = "<group>";
		};
/* End PBXGroup section */

/* Begin PBXNativeTarget section */
		99D7DF2C266F036000BC3256 /* LearnSwiftUI */ = {
			isa = PBXNativeTarget;
			buildConfigurationList = 99D7DF3C266F036100BC3256 /* Build configuration list for PBXNativeTarget "LearnSwiftUI" */;
			buildPhases = (
				99D7DF29266F036000BC3256 /* Sources */,
				99D7DF2A266F036000BC3256 /* Frameworks */,
				99D7DF2B266F036000BC3256 /* Resources */,
			);
			buildRules = (
			);
			dependencies = (
			);
			name = LearnSwiftUI;
			productName = LearnSwiftUI;
			productReference = 99D7DF2D266F036000BC3256 /* LearnSwiftUI.app */;
			productType = "com.apple.product-type.application";
		};
/* End PBXNativeTarget section */

/* Begin PBXProject section */
		99D7DF25266F036000BC3256 /* Project object */ = {
			isa = PBXProject;
			attributes = {
				LastSwiftUpdateCheck = 1250;
				LastUpgradeCheck = 1250;
				TargetAttributes = {
					99D7DF2C266F036000BC3256 = {
						CreatedOnToolsVersion = 12.5;
					};
				};
			};
			buildConfigurationList = 99D7DF28266F036000BC3256 /* Build configuration list for PBXProject "LearnSwiftUI" */;
			compatibilityVersion = "Xcode 9.3";
			developmentRegion = en;
			hasScannedForEncodings = 0;
			knownRegions = (
				en,
				Base,
			);
			mainGroup = 99D7DF24266F036000BC3256;
			productRefGroup = 99D7DF2E266F036000BC3256 /* Products */;
			projectDirPath = "";
			projectRoot = "";
			targets = (
				99D7DF2C266F036000BC3256 /* LearnSwiftUI */,
			);
		};
/* End PBXProject section */

/* Begin PBXResourcesBuildPhase section */
		99D7DF2B266F036000BC3256 /* Resources */ = {
			isa = PBXResourcesBuildPhase;
			buildActionMask = 2147483647;
			files = (
				99D7DF38266F036100BC3256 /* Preview Assets.xcassets in Resources */,
				99D7DF35266F036100BC3256 /* Assets.xcassets in Resources */,
			);
			runOnlyForDeploymentPostprocessing = 0;
		};
/* End PBXResourcesBuildPhase section */

/* Begin PBXSourcesBuildPhase section */
		99D7DF29266F036000BC3256 /* Sources */ = {
			isa = PBXSourcesBuildPhase;
			buildActionMask = 2147483647;
			files = (
				99887F03267070ED005D6CEF /* LSScrollView.swift in Sources */,
				9932A6762670950B0018E766 /* LSDatePickerView.swift in Sources */,
				998EB4B02672131900AA4A2B /* LSWebView.swift in Sources */,
				990DABF0267CA17500E26FCA /* LSGeometryView.swift in Sources */,
				99616609267351F100E357D8 /* LSSignInWithAppleView.swift in Sources */,
				990DABE8267C866100E26FCA /* LSLazyStackView.swift in Sources */,
				9932A67B2670B3BD0018E766 /* LSColorPickerView.swift in Sources */,
				990FBD9F2679FE9F00E7778D /* LSGeometryReaderView.swift in Sources */,
				990DABE6267C5A0500E26FCA /* LSOutlineView.swift in Sources */,
				998EB4AA2671EBBD00AA4A2B /* LSGroupView.swift in Sources */,
				9936AA5D266F2B3A0080A22B /* LSImageView.swift in Sources */,
				9936AA5E266F2B3A0080A22B /* LSToggleView.swift in Sources */,
				9914E539267C55A400426E5A /* LSFormView.swift in Sources */,
				9936AA5F266F2B3A0080A22B /* LSButtonView.swift in Sources */,
				99D7DF33266F036000BC3256 /* ContentView.swift in Sources */,
				9932A6792670A5890018E766 /* LSProgressView.swift in Sources */,
				990FBD9C2679F50B00E7778D /* LSSecureFieldView.swift in Sources */,
				992DA22B267B259600E71166 /* LSGridView.swift in Sources */,
				992DA22E267B35AA00E71166 /* LSGridView2.swift in Sources */,
				9936AA60266F2B3A0080A22B /* LSTextView.swift in Sources */,
				992DA228267AFCFC00E71166 /* LSSliderView.swift in Sources */,
				9936AA63266F2B4D0080A22B /* LSPickerView.swift in Sources */,
				9936AA61266F2B3A0080A22B /* LSStackView.swift in Sources */,
				990DABF2267CA76400E26FCA /* LSPlayVideoView.swift in Sources */,
				990DABEB267C8F1500E26FCA /* LSPaintsView.swift in Sources */,
				99D7DF31266F036000BC3256 /* LearnSwiftUIApp.swift in Sources */,
				998EB4AD267201A800AA4A2B /* LSTabView.swift in Sources */,
				9955C063267882E10087FB7D /* LSTextEditorView.swift in Sources */,
				99887F05267070FC005D6CEF /* LSListView.swift in Sources */,
				9961660E2673575800E357D8 /* LSTextFieldView.swift in Sources */,
			);
			runOnlyForDeploymentPostprocessing = 0;
		};
/* End PBXSourcesBuildPhase section */

/* Begin XCBuildConfiguration section */
		99D7DF3A266F036100BC3256 /* Debug */ = {
			isa = XCBuildConfiguration;
			buildSettings = {
				ALWAYS_SEARCH_USER_PATHS = NO;
				CLANG_ANALYZER_NONNULL = YES;
				CLANG_ANALYZER_NUMBER_OBJECT_CONVERSION = YES_AGGRESSIVE;
				CLANG_CXX_LANGUAGE_STANDARD = "gnu++14";
				CLANG_CXX_LIBRARY = "libc++";
				CLANG_ENABLE_MODULES = YES;
				CLANG_ENABLE_OBJC_ARC = YES;
				CLANG_ENABLE_OBJC_WEAK = YES;
				CLANG_WARN_BLOCK_CAPTURE_AUTORELEASING = YES;
				CLANG_WARN_BOOL_CONVERSION = YES;
				CLANG_WARN_COMMA = YES;
				CLANG_WARN_CONSTANT_CONVERSION = YES;
				CLANG_WARN_DEPRECATED_OBJC_IMPLEMENTATIONS = YES;
				CLANG_WARN_DIRECT_OBJC_ISA_USAGE = YES_ERROR;
				CLANG_WARN_DOCUMENTATION_COMMENTS = YES;
				CLANG_WARN_EMPTY_BODY = YES;
				CLANG_WARN_ENUM_CONVERSION = YES;
				CLANG_WARN_INFINITE_RECURSION = YES;
				CLANG_WARN_INT_CONVERSION = YES;
				CLANG_WARN_NON_LITERAL_NULL_CONVERSION = YES;
				CLANG_WARN_OBJC_IMPLICIT_RETAIN_SELF = YES;
				CLANG_WARN_OBJC_LITERAL_CONVERSION = YES;
				CLANG_WARN_OBJC_ROOT_CLASS = YES_ERROR;
				CLANG_WARN_QUOTED_INCLUDE_IN_FRAMEWORK_HEADER = YES;
				CLANG_WARN_RANGE_LOOP_ANALYSIS = YES;
				CLANG_WARN_STRICT_PROTOTYPES = YES;
				CLANG_WARN_SUSPICIOUS_MOVE = YES;
				CLANG_WARN_UNGUARDED_AVAILABILITY = YES_AGGRESSIVE;
				CLANG_WARN_UNREACHABLE_CODE = YES;
				CLANG_WARN__DUPLICATE_METHOD_MATCH = YES;
				COPY_PHASE_STRIP = NO;
				DEBUG_INFORMATION_FORMAT = dwarf;
				ENABLE_STRICT_OBJC_MSGSEND = YES;
				ENABLE_TESTABILITY = YES;
				GCC_C_LANGUAGE_STANDARD = gnu11;
				GCC_DYNAMIC_NO_PIC = NO;
				GCC_NO_COMMON_BLOCKS = YES;
				GCC_OPTIMIZATION_LEVEL = 0;
				GCC_PREPROCESSOR_DEFINITIONS = (
					"DEBUG=1",
					"$(inherited)",
				);
				GCC_WARN_64_TO_32_BIT_CONVERSION = YES;
				GCC_WARN_ABOUT_RETURN_TYPE = YES_ERROR;
				GCC_WARN_UNDECLARED_SELECTOR = YES;
				GCC_WARN_UNINITIALIZED_AUTOS = YES_AGGRESSIVE;
				GCC_WARN_UNUSED_FUNCTION = YES;
				GCC_WARN_UNUSED_VARIABLE = YES;
				IPHONEOS_DEPLOYMENT_TARGET = 14.5;
				MTL_ENABLE_DEBUG_INFO = INCLUDE_SOURCE;
				MTL_FAST_MATH = YES;
				ONLY_ACTIVE_ARCH = YES;
				SDKROOT = iphoneos;
				SWIFT_ACTIVE_COMPILATION_CONDITIONS = DEBUG;
				SWIFT_OPTIMIZATION_LEVEL = "-Onone";
			};
			name = Debug;
		};
		99D7DF3B266F036100BC3256 /* Release */ = {
			isa = XCBuildConfiguration;
			buildSettings = {
				ALWAYS_SEARCH_USER_PATHS = NO;
				CLANG_ANALYZER_NONNULL = YES;
				CLANG_ANALYZER_NUMBER_OBJECT_CONVERSION = YES_AGGRESSIVE;
				CLANG_CXX_LANGUAGE_STANDARD = "gnu++14";
				CLANG_CXX_LIBRARY = "libc++";
				CLANG_ENABLE_MODULES = YES;
				CLANG_ENABLE_OBJC_ARC = YES;
				CLANG_ENABLE_OBJC_WEAK = YES;
				CLANG_WARN_BLOCK_CAPTURE_AUTORELEASING = YES;
				CLANG_WARN_BOOL_CONVERSION = YES;
				CLANG_WARN_COMMA = YES;
				CLANG_WARN_CONSTANT_CONVERSION = YES;
				CLANG_WARN_DEPRECATED_OBJC_IMPLEMENTATIONS = YES;
				CLANG_WARN_DIRECT_OBJC_ISA_USAGE = YES_ERROR;
				CLANG_WARN_DOCUMENTATION_COMMENTS = YES;
				CLANG_WARN_EMPTY_BODY = YES;
				CLANG_WARN_ENUM_CONVERSION = YES;
				CLANG_WARN_INFINITE_RECURSION = YES;
				CLANG_WARN_INT_CONVERSION = YES;
				CLANG_WARN_NON_LITERAL_NULL_CONVERSION = YES;
				CLANG_WARN_OBJC_IMPLICIT_RETAIN_SELF = YES;
				CLANG_WARN_OBJC_LITERAL_CONVERSION = YES;
				CLANG_WARN_OBJC_ROOT_CLASS = YES_ERROR;
				CLANG_WARN_QUOTED_INCLUDE_IN_FRAMEWORK_HEADER = YES;
				CLANG_WARN_RANGE_LOOP_ANALYSIS = YES;
				CLANG_WARN_STRICT_PROTOTYPES = YES;
				CLANG_WARN_SUSPICIOUS_MOVE = YES;
				CLANG_WARN_UNGUARDED_AVAILABILITY = YES_AGGRESSIVE;
				CLANG_WARN_UNREACHABLE_CODE = YES;
				CLANG_WARN__DUPLICATE_METHOD_MATCH = YES;
				COPY_PHASE_STRIP = NO;
				DEBUG_INFORMATION_FORMAT = "dwarf-with-dsym";
				ENABLE_NS_ASSERTIONS = NO;
				ENABLE_STRICT_OBJC_MSGSEND = YES;
				GCC_C_LANGUAGE_STANDARD = gnu11;
				GCC_NO_COMMON_BLOCKS = YES;
				GCC_WARN_64_TO_32_BIT_CONVERSION = YES;
				GCC_WARN_ABOUT_RETURN_TYPE = YES_ERROR;
				GCC_WARN_UNDECLARED_SELECTOR = YES;
				GCC_WARN_UNINITIALIZED_AUTOS = YES_AGGRESSIVE;
				GCC_WARN_UNUSED_FUNCTION = YES;
				GCC_WARN_UNUSED_VARIABLE = YES;
				IPHONEOS_DEPLOYMENT_TARGET = 14.5;
				MTL_ENABLE_DEBUG_INFO = NO;
				MTL_FAST_MATH = YES;
				SDKROOT = iphoneos;
				SWIFT_COMPILATION_MODE = wholemodule;
				SWIFT_OPTIMIZATION_LEVEL = "-O";
				VALIDATE_PRODUCT = YES;
			};
			name = Release;
		};
		99D7DF3D266F036100BC3256 /* Debug */ = {
			isa = XCBuildConfiguration;
			buildSettings = {
				ASSETCATALOG_COMPILER_APPICON_NAME = AppIcon;
				ASSETCATALOG_COMPILER_GLOBAL_ACCENT_COLOR_NAME = AccentColor;
				CODE_SIGN_ENTITLEMENTS = LearnSwiftUI/LearnSwiftUI.entitlements;
				CODE_SIGN_STYLE = Automatic;
				DEVELOPMENT_ASSET_PATHS = "\"LearnSwiftUI/Preview Content\"";
				DEVELOPMENT_TEAM = JDKH36YQ54;
				ENABLE_PREVIEWS = YES;
				INFOPLIST_FILE = LearnSwiftUI/Info.plist;
				IPHONEOS_DEPLOYMENT_TARGET = 14.0;
				LD_RUNPATH_SEARCH_PATHS = (
					"$(inherited)",
					"@executable_path/Frameworks",
				);
				PRODUCT_BUNDLE_IDENTIFIER = com.qixin.LearnSwiftUI;
				PRODUCT_NAME = "$(TARGET_NAME)";
				SUPPORTS_MACCATALYST = NO;
				SWIFT_VERSION = 5.0;
				TARGETED_DEVICE_FAMILY = "1,2";
			};
			name = Debug;
		};
		99D7DF3E266F036100BC3256 /* Release */ = {
			isa = XCBuildConfiguration;
			buildSettings = {
				ASSETCATALOG_COMPILER_APPICON_NAME = AppIcon;
				ASSETCATALOG_COMPILER_GLOBAL_ACCENT_COLOR_NAME = AccentColor;
				CODE_SIGN_ENTITLEMENTS = LearnSwiftUI/LearnSwiftUI.entitlements;
				CODE_SIGN_STYLE = Automatic;
				DEVELOPMENT_ASSET_PATHS = "\"LearnSwiftUI/Preview Content\"";
				DEVELOPMENT_TEAM = JDKH36YQ54;
				ENABLE_PREVIEWS = YES;
				INFOPLIST_FILE = LearnSwiftUI/Info.plist;
				IPHONEOS_DEPLOYMENT_TARGET = 14.0;
				LD_RUNPATH_SEARCH_PATHS = (
					"$(inherited)",
					"@executable_path/Frameworks",
				);
				PRODUCT_BUNDLE_IDENTIFIER = com.qixin.LearnSwiftUI;
				PRODUCT_NAME = "$(TARGET_NAME)";
				SUPPORTS_MACCATALYST = NO;
				SWIFT_VERSION = 5.0;
				TARGETED_DEVICE_FAMILY = "1,2";
			};
			name = Release;
		};
/* End XCBuildConfiguration section */

/* Begin XCConfigurationList section */
		99D7DF28266F036000BC3256 /* Build configuration list for PBXProject "LearnSwiftUI" */ = {
			isa = XCConfigurationList;
			buildConfigurations = (
				99D7DF3A266F036100BC3256 /* Debug */,
				99D7DF3B266F036100BC3256 /* Release */,
			);
			defaultConfigurationIsVisible = 0;
			defaultConfigurationName = Release;
		};
		99D7DF3C266F036100BC3256 /* Build configuration list for PBXNativeTarget "LearnSwiftUI" */ = {
			isa = XCConfigurationList;
			buildConfigurations = (
				99D7DF3D266F036100BC3256 /* Debug */,
				99D7DF3E266F036100BC3256 /* Release */,
			);
			defaultConfigurationIsVisible = 0;
			defaultConfigurationName = Release;
		};
/* End XCConfigurationList section */
	};
	rootObject = 99D7DF25266F036000BC3256 /* Project object */;
}
